dependencies:
- name: metrics-server
  repository: https://kubernetes-sigs.github.io/metrics-server/
  version: 3.12.2
- name: cilium
  repository: https://helm.cilium.io/
  version: 1.16.3
- name: openstack-cloud-controller-manager
  repository: https://kubernetes.github.io/cloud-provider-openstack
  version: 2.30.4
- name: openstack-cinder-csi
  repository: https://kubernetes.github.io/cloud-provider-openstack
  version: 2.30.2
digest: sha256:d40af7d428f9b5d3eddce27f400954be2c43c9819ae104080bc3a43de6e7a96f
generated: "2025-02-27T08:40:21.024509842+01:00"
