dependencies:
- name: metrics-server
  repository: https://kubernetes-sigs.github.io/metrics-server/
  version: 3.12.0
- name: cilium
  repository: https://helm.cilium.io/
  version: 1.15.6
- name: openstack-cloud-controller-manager
  repository: https://kubernetes.github.io/cloud-provider-openstack
  version: 2.28.4
- name: openstack-cinder-csi
  repository: https://kubernetes.github.io/cloud-provider-openstack
  version: 2.28.2
- name: yawol-controller
  repository: https://stackitcloud.github.io/yawol
  version: 0.21.3
digest: sha256:2bb6cede9f83f24f25f30faa9cdb3adf6e0d12df24ae200928f1f638a2e56003
generated: "2024-06-28T16:04:52.054636676+02:00"
