dependencies:
- name: metrics-server
  repository: https://kubernetes-sigs.github.io/metrics-server/
  version: 3.12.2
- name: cilium
  repository: https://helm.cilium.io/
  version: 1.16.7
- name: openstack-cloud-controller-manager
  repository: https://kubernetes.github.io/cloud-provider-openstack
  version: 2.32.0
- name: openstack-cinder-csi
  repository: https://kubernetes.github.io/cloud-provider-openstack
  version: 2.32.0
digest: sha256:3a7673413685e23e0ce2499e4813fb79a0101bd05ba7e0228393a45cfbb6f269
generated: "2025-02-27T12:54:00.878569324+01:00"
