dependencies:
- name: metrics-server
  repository: https://kubernetes-sigs.github.io/metrics-server/
  version: 3.11.0
- name: cilium
  repository: https://helm.cilium.io/
  version: 1.15.0
- name: openstack-cloud-controller-manager
  repository: https://kubernetes.github.io/cloud-provider-openstack
  version: 2.28.3
- name: openstack-cinder-csi
  repository: https://kubernetes.github.io/cloud-provider-openstack
  version: 2.28.1
digest: sha256:5f307cbe5aaaf2c09dc62eb09d6c236ed834acabc9c99ed599211c711a520132
generated: "2024-02-20T17:46:40.076679618+01:00"
