dependencies:
- name: metrics-server
  repository: https://kubernetes-sigs.github.io/metrics-server/
  version: 3.11.0
- name: cilium
  repository: https://helm.cilium.io/
  version: 1.15.0
- name: openstack-cloud-controller-manager
  repository: https://kubernetes.github.io/cloud-provider-openstack
  version: 2.28.3
digest: sha256:685455e431acb77a0573da41b2ebc47b01af21d67760771e53263ae9b86c1dd1
generated: "2024-02-15T16:25:22.134537466+01:00"
