dependencies:
- name: metrics-server
  repository: https://kubernetes-sigs.github.io/metrics-server/
  version: 3.12.1
- name: cilium
  repository: https://helm.cilium.io/
  version: 1.15.4
- name: rook-ceph
  repository: https://charts.rook.io/release
  version: v1.14.3
- name: rook-ceph-cluster
  repository: https://charts.rook.io/release
  version: v1.14.3
digest: sha256:6505aff7f0483be1e6355219b95a1bd7860775623341cf3a239983265d19f796
generated: "2024-05-13T13:16:49.017609855+02:00"
