dependencies:
- name: metrics-server
  repository: https://kubernetes-sigs.github.io/metrics-server/
  version: 3.12.1
- name: cilium
  repository: https://helm.cilium.io/
  version: 1.15.4
- name: rook-ceph
  repository: https://charts.rook.io/release
  version: v1.14.3
digest: sha256:cd6e26c69968e66168ae034afc9927c2ff307816fd7704f8683a22acf438ea2d
generated: "2024-05-10T12:46:34.984909171+02:00"
