dependencies:
- name: metrics-server
  repository: https://kubernetes-sigs.github.io/metrics-server/
  version: 3.12.0
- name: cilium
  repository: https://helm.cilium.io/
  version: 1.15.2
- name: openstack-cloud-controller-manager
  repository: https://kubernetes.github.io/cloud-provider-openstack
  version: 2.27.6
- name: openstack-cinder-csi
  repository: https://kubernetes.github.io/cloud-provider-openstack
  version: 2.27.3
digest: sha256:60d2a5c3467fbeda84ceab807f0f3f9c3336854b5ace3a6302b9a0e388098be8
generated: "2024-03-19T12:20:15.163819569+01:00"
