dependencies:
- name: metrics-server
  repository: https://kubernetes-sigs.github.io/metrics-server/
  version: 3.12.1
- name: cilium
  repository: https://helm.cilium.io/
  version: 1.15.6
- name: hcloud-cloud-controller-manager
  repository: https://charts.hetzner.cloud
  version: 1.20.0
- name: rook-ceph
  repository: https://charts.rook.io/release
  version: v1.14.7
- name: rook-ceph-cluster
  repository: https://charts.rook.io/release
  version: v1.14.7
digest: sha256:384f8ab421a531c78aa14d3330ea59df34e3976e36eaf457ddacc8c977aa0c13
generated: "2024-07-09T08:03:11.392600313+02:00"
